
Microsoft Visual Studio Solution File, Format Version 11.00
# Visual Studio 2010
Project("{FAE04EC0-301F-11D3-BF4B-00C04F79EFBC}") = "Website", "Source\Website\Website.csproj", "{C7F0941C-3AE3-4C87-A392-2F4EBF7BF2A1}"
EndProject
Project("{FAE04EC0-301F-11D3-BF4B-00C04F79EFBC}") = "Tests", "Source\Tests\Tests.csproj", "{B1779260-ACCC-4F28-A6C0-0977F5A90465}"
EndProject
Project("{FAE04EC0-301F-11D3-BF4B-00C04F79EFBC}") = "Domain", "Source\Domain\Domain.csproj", "{73AE3E0F-C6A0-4452-B5B5-81C82A957981}"
EndProject
Project("{FAE04EC0-301F-11D3-BF4B-00C04F79EFBC}") = "Data", "Source\Data\Data.csproj", "{40FD915C-A143-4EC8-A69C-0BF48E19A449}"
EndProject
Project("{FAE04EC0-301F-11D3-BF4B-00C04F79EFBC}") = "Application", "Source\Application\Application.csproj", "{B0AA93D5-9D74-42DB-AAA9-CC35E7EA44D0}"
EndProject
Project("{FAE04EC0-301F-11D3-BF4B-00C04F79EFBC}") = "Application.Models", "Source\Application.Models\Application.Models.csproj", "{73067EC2-9BE7-4CCA-B83D-F65D676D3321}"
EndProject
Global
	GlobalSection(SolutionConfigurationPlatforms) = preSolution
		Debug|Any CPU = Debug|Any CPU
		Release|Any CPU = Release|Any CPU
	EndGlobalSection
	GlobalSection(ProjectConfigurationPlatforms) = postSolution
		{C7F0941C-3AE3-4C87-A392-2F4EBF7BF2A1}.Debug|Any CPU.ActiveCfg = Debug|Any CPU
		{C7F0941C-3AE3-4C87-A392-2F4EBF7BF2A1}.Debug|Any CPU.Build.0 = Debug|Any CPU
		{C7F0941C-3AE3-4C87-A392-2F4EBF7BF2A1}.Release|Any CPU.ActiveCfg = Release|Any CPU
		{C7F0941C-3AE3-4C87-A392-2F4EBF7BF2A1}.Release|Any CPU.Build.0 = Release|Any CPU
		{B1779260-ACCC-4F28-A6C0-0977F5A90465}.Debug|Any CPU.ActiveCfg = Debug|Any CPU
		{B1779260-ACCC-4F28-A6C0-0977F5A90465}.Debug|Any CPU.Build.0 = Debug|Any CPU
		{B1779260-ACCC-4F28-A6C0-0977F5A90465}.Release|Any CPU.ActiveCfg = Release|Any CPU
		{B1779260-ACCC-4F28-A6C0-0977F5A90465}.Release|Any CPU.Build.0 = Release|Any CPU
		{73AE3E0F-C6A0-4452-B5B5-81C82A957981}.Debug|Any CPU.ActiveCfg = Debug|Any CPU
		{73AE3E0F-C6A0-4452-B5B5-81C82A957981}.Debug|Any CPU.Build.0 = Debug|Any CPU
		{73AE3E0F-C6A0-4452-B5B5-81C82A957981}.Release|Any CPU.ActiveCfg = Release|Any CPU
		{73AE3E0F-C6A0-4452-B5B5-81C82A957981}.Release|Any CPU.Build.0 = Release|Any CPU
		{40FD915C-A143-4EC8-A69C-0BF48E19A449}.Debug|Any CPU.ActiveCfg = Debug|Any CPU
		{40FD915C-A143-4EC8-A69C-0BF48E19A449}.Debug|Any CPU.Build.0 = Debug|Any CPU
		{40FD915C-A143-4EC8-A69C-0BF48E19A449}.Release|Any CPU.ActiveCfg = Release|Any CPU
		{40FD915C-A143-4EC8-A69C-0BF48E19A449}.Release|Any CPU.Build.0 = Release|Any CPU
		{B0AA93D5-9D74-42DB-AAA9-CC35E7EA44D0}.Debug|Any CPU.ActiveCfg = Debug|Any CPU
		{B0AA93D5-9D74-42DB-AAA9-CC35E7EA44D0}.Debug|Any CPU.Build.0 = Debug|Any CPU
		{B0AA93D5-9D74-42DB-AAA9-CC35E7EA44D0}.Release|Any CPU.ActiveCfg = Release|Any CPU
		{B0AA93D5-9D74-42DB-AAA9-CC35E7EA44D0}.Release|Any CPU.Build.0 = Release|Any CPU
		{73067EC2-9BE7-4CCA-B83D-F65D676D3321}.Debug|Any CPU.ActiveCfg = Debug|Any CPU
		{73067EC2-9BE7-4CCA-B83D-F65D676D3321}.Debug|Any CPU.Build.0 = Debug|Any CPU
		{73067EC2-9BE7-4CCA-B83D-F65D676D3321}.Release|Any CPU.ActiveCfg = Release|Any CPU
		{73067EC2-9BE7-4CCA-B83D-F65D676D3321}.Release|Any CPU.Build.0 = Release|Any CPU
	EndGlobalSection
	GlobalSection(SolutionProperties) = preSolution
		HideSolutionNode = FALSE
	EndGlobalSection
EndGlobal
